
Microsoft Visual Studio Solution File, Format Version 12.00
# Visual Studio Version 16
VisualStudioVersion = 16.0.31205.134
MinimumVisualStudioVersion = 10.0.40219.1
Project("{FAE04EC0-301F-11D3-BF4B-00C04F79EFBC}") = "ALCodeAnalysis", "ALCodeAnalysis\ALCodeAnalysis.csproj", "{87C74FB3-60AA-4F62-9348-E8BA96C8D190}"
EndProject
Project("{FAE04EC0-301F-11D3-BF4B-00C04F79EFBC}") = "ALCodeAnalysisTests", "ALCodeAnalysisTests\ALCodeAnalysisTests.csproj", "{5DA67EAA-4906-427C-9D7C-30A4E577A0EC}"
EndProject
Global
	GlobalSection(SolutionConfigurationPlatforms) = preSolution
		Debug|Any CPU = Debug|Any CPU
		Release|Any CPU = Release|Any CPU
	EndGlobalSection
	GlobalSection(ProjectConfigurationPlatforms) = postSolution
		{87C74FB3-60AA-4F62-9348-E8BA96C8D190}.Debug|Any CPU.ActiveCfg = Debug|Any CPU
		{87C74FB3-60AA-4F62-9348-E8BA96C8D190}.Debug|Any CPU.Build.0 = Debug|Any CPU
		{87C74FB3-60AA-4F62-9348-E8BA96C8D190}.Release|Any CPU.ActiveCfg = Release|Any CPU
		{87C74FB3-60AA-4F62-9348-E8BA96C8D190}.Release|Any CPU.Build.0 = Release|Any CPU
		{5DA67EAA-4906-427C-9D7C-30A4E577A0EC}.Debug|Any CPU.ActiveCfg = Debug|Any CPU
		{5DA67EAA-4906-427C-9D7C-30A4E577A0EC}.Debug|Any CPU.Build.0 = Debug|Any CPU
		{5DA67EAA-4906-427C-9D7C-30A4E577A0EC}.Release|Any CPU.ActiveCfg = Release|Any CPU
		{5DA67EAA-4906-427C-9D7C-30A4E577A0EC}.Release|Any CPU.Build.0 = Release|Any CPU
	EndGlobalSection
	GlobalSection(SolutionProperties) = preSolution
		HideSolutionNode = FALSE
	EndGlobalSection
	GlobalSection(ExtensibilityGlobals) = postSolution
		SolutionGuid = {4C64B6D6-A66F-476C-98AA-A443AA3D724E}
	EndGlobalSection
EndGlobal
